
Microsoft Visual Studio Solution File, Format Version 12.00
# Visual Studio Version 17
VisualStudioVersion = 17.4.33213.308
MinimumVisualStudioVersion = 10.0.40219.1
Project("{9A19103F-16F7-4668-BE54-9A1E7A4F7556}") = "IotaExplorerNet.Domain", "IotaExplorerNet.Domain\IotaExplorerNet.Domain.csproj", "{89155377-77F0-48CA-BB1C-48F75A586308}"
EndProject
Project("{FAE04EC0-301F-11D3-BF4B-00C04F79EFBC}") = "IotaExplorerNet.Main", "IotaExplorerNet.Main\IotaExplorerNet.Main.csproj", "{81BC2771-EDE6-4433-AAD3-EEEC01711A25}"
EndProject
Global
	GlobalSection(SolutionConfigurationPlatforms) = preSolution
		Debug|Any CPU = Debug|Any CPU
		Release|Any CPU = Release|Any CPU
	EndGlobalSection
	GlobalSection(ProjectConfigurationPlatforms) = postSolution
		{89155377-77F0-48CA-BB1C-48F75A586308}.Debug|Any CPU.ActiveCfg = Debug|Any CPU
		{89155377-77F0-48CA-BB1C-48F75A586308}.Debug|Any CPU.Build.0 = Debug|Any CPU
		{89155377-77F0-48CA-BB1C-48F75A586308}.Release|Any CPU.ActiveCfg = Release|Any CPU
		{89155377-77F0-48CA-BB1C-48F75A586308}.Release|Any CPU.Build.0 = Release|Any CPU
		{81BC2771-EDE6-4433-AAD3-EEEC01711A25}.Debug|Any CPU.ActiveCfg = Debug|Any CPU
		{81BC2771-EDE6-4433-AAD3-EEEC01711A25}.Debug|Any CPU.Build.0 = Debug|Any CPU
		{81BC2771-EDE6-4433-AAD3-EEEC01711A25}.Release|Any CPU.ActiveCfg = Release|Any CPU
		{81BC2771-EDE6-4433-AAD3-EEEC01711A25}.Release|Any CPU.Build.0 = Release|Any CPU
	EndGlobalSection
	GlobalSection(SolutionProperties) = preSolution
		HideSolutionNode = FALSE
	EndGlobalSection
	GlobalSection(ExtensibilityGlobals) = postSolution
		SolutionGuid = {B0EA8775-8678-45D3-B50C-45210C19876E}
	EndGlobalSection
EndGlobal
